
Microsoft Visual Studio Solution File, Format Version 12.00
# Visual Studio Version 16
VisualStudioVersion = 16.0.29230.47
MinimumVisualStudioVersion = 10.0.40219.1
Project("{FAE04EC0-301F-11D3-BF4B-00C04F79EFBC}") = "Seccion 1", "Seccion 1\Seccion 1.csproj", "{98C9717C-0350-4BA3-8DED-3B2170EA8332}"
EndProject
Project("{FAE04EC0-301F-11D3-BF4B-00C04F79EFBC}") = "Ejercicio2", "Ejercicio2\Ejercicio2.csproj", "{E12AE4D3-17F9-4EB5-895C-9472A0A78408}"
EndProject
Project("{FAE04EC0-301F-11D3-BF4B-00C04F79EFBC}") = "Ejercicio3", "Ejercicio3\Ejercicio3.csproj", "{99B71642-4CE3-4FCD-A202-9A2908B2594D}"
EndProject
Project("{FAE04EC0-301F-11D3-BF4B-00C04F79EFBC}") = "Ejercicio 4", "Ejercicio 4\Ejercicio 4.csproj", "{AC1621D6-A8E3-4E19-BA1A-C0CA25D7DB06}"
EndProject
Project("{FAE04EC0-301F-11D3-BF4B-00C04F79EFBC}") = "Ejercicio5", "Ejercicio5\Ejercicio5.csproj", "{7DA7B732-6D38-4067-943C-3E19608A332B}"
EndProject
Global
	GlobalSection(SolutionConfigurationPlatforms) = preSolution
		Debug|Any CPU = Debug|Any CPU
		Release|Any CPU = Release|Any CPU
	EndGlobalSection
	GlobalSection(ProjectConfigurationPlatforms) = postSolution
		{98C9717C-0350-4BA3-8DED-3B2170EA8332}.Debug|Any CPU.ActiveCfg = Debug|Any CPU
		{98C9717C-0350-4BA3-8DED-3B2170EA8332}.Debug|Any CPU.Build.0 = Debug|Any CPU
		{98C9717C-0350-4BA3-8DED-3B2170EA8332}.Release|Any CPU.ActiveCfg = Release|Any CPU
		{98C9717C-0350-4BA3-8DED-3B2170EA8332}.Release|Any CPU.Build.0 = Release|Any CPU
		{E12AE4D3-17F9-4EB5-895C-9472A0A78408}.Debug|Any CPU.ActiveCfg = Debug|Any CPU
		{E12AE4D3-17F9-4EB5-895C-9472A0A78408}.Debug|Any CPU.Build.0 = Debug|Any CPU
		{E12AE4D3-17F9-4EB5-895C-9472A0A78408}.Release|Any CPU.ActiveCfg = Release|Any CPU
		{E12AE4D3-17F9-4EB5-895C-9472A0A78408}.Release|Any CPU.Build.0 = Release|Any CPU
		{99B71642-4CE3-4FCD-A202-9A2908B2594D}.Debug|Any CPU.ActiveCfg = Debug|Any CPU
		{99B71642-4CE3-4FCD-A202-9A2908B2594D}.Debug|Any CPU.Build.0 = Debug|Any CPU
		{99B71642-4CE3-4FCD-A202-9A2908B2594D}.Release|Any CPU.ActiveCfg = Release|Any CPU
		{99B71642-4CE3-4FCD-A202-9A2908B2594D}.Release|Any CPU.Build.0 = Release|Any CPU
		{AC1621D6-A8E3-4E19-BA1A-C0CA25D7DB06}.Debug|Any CPU.ActiveCfg = Debug|Any CPU
		{AC1621D6-A8E3-4E19-BA1A-C0CA25D7DB06}.Debug|Any CPU.Build.0 = Debug|Any CPU
		{AC1621D6-A8E3-4E19-BA1A-C0CA25D7DB06}.Release|Any CPU.ActiveCfg = Release|Any CPU
		{AC1621D6-A8E3-4E19-BA1A-C0CA25D7DB06}.Release|Any CPU.Build.0 = Release|Any CPU
		{7DA7B732-6D38-4067-943C-3E19608A332B}.Debug|Any CPU.ActiveCfg = Debug|Any CPU
		{7DA7B732-6D38-4067-943C-3E19608A332B}.Debug|Any CPU.Build.0 = Debug|Any CPU
		{7DA7B732-6D38-4067-943C-3E19608A332B}.Release|Any CPU.ActiveCfg = Release|Any CPU
		{7DA7B732-6D38-4067-943C-3E19608A332B}.Release|Any CPU.Build.0 = Release|Any CPU
	EndGlobalSection
	GlobalSection(SolutionProperties) = preSolution
		HideSolutionNode = FALSE
	EndGlobalSection
	GlobalSection(ExtensibilityGlobals) = postSolution
		SolutionGuid = {9E28D84D-A01D-44C9-A5C4-F026C0F765A3}
	EndGlobalSection
EndGlobal
